
Microsoft Visual Studio Solution File, Format Version 12.00
# Visual Studio Version 17
VisualStudioVersion = 17.0.31912.275
MinimumVisualStudioVersion = 10.0.40219.1
Project("{8BC9CEB8-8B4A-11D0-8D11-00A0C91BC942}") = "day2", "b2\b2.vcxproj", "{5C9BE2E5-CF7A-4DBB-AD28-860D72B30D19}"
EndProject
Project("{8BC9CEB8-8B4A-11D0-8D11-00A0C91BC942}") = "day2_for", "d2-for\d2-for.vcxproj", "{4A161CA2-E072-4A5E-AAFD-720A845E4306}"
EndProject
Project("{8BC9CEB8-8B4A-11D0-8D11-00A0C91BC942}") = "day2_menu", "day2_menu\day2_menu.vcxproj", "{C76053A2-624F-4D48-AD75-E298EA8E03E1}"
EndProject
Project("{8BC9CEB8-8B4A-11D0-8D11-00A0C91BC942}") = "day3", "day3\day3.vcxproj", "{CEAEE00A-9F04-4CFE-90BB-C2B24AA889E3}"
EndProject
Project("{8BC9CEB8-8B4A-11D0-8D11-00A0C91BC942}") = "day3_menu", "day3_menu\day3_menu.vcxproj", "{8F1DD713-3E1F-4865-BAC9-65D41E54436A}"
EndProject
Project("{8BC9CEB8-8B4A-11D0-8D11-00A0C91BC942}") = "day4", "day4\day4.vcxproj", "{A24E37B4-0242-475B-A37D-10ED45054FDA}"
EndProject
Project("{8BC9CEB8-8B4A-11D0-8D11-00A0C91BC942}") = "day5", "day5\day5.vcxproj", "{A965FCA6-1F67-4E96-AFD5-FE0CFBCDC9CA}"
EndProject
Project("{8BC9CEB8-8B4A-11D0-8D11-00A0C91BC942}") = "day5_menu", "day5_menu\day5_menu.vcxproj", "{604EBE3C-C262-40FE-9BC5-89FE5419FEE5}"
EndProject
Project("{8BC9CEB8-8B4A-11D0-8D11-00A0C91BC942}") = "day7", "day6\day6.vcxproj", "{56FE7960-27CF-43BD-A774-F591C2AE3738}"
EndProject
Project("{8BC9CEB8-8B4A-11D0-8D11-00A0C91BC942}") = "day1", "day1\day1.vcxproj", "{557C4C6C-43E4-4E08-82D5-FE97492D1E67}"
EndProject
Project("{8BC9CEB8-8B4A-11D0-8D11-00A0C91BC942}") = "day7_menu", "day7_menu\day7_menu.vcxproj", "{A8E9F310-0FBC-40DC-A317-74F795A1290C}"
EndProject
Global
	GlobalSection(SolutionConfigurationPlatforms) = preSolution
		Debug|x64 = Debug|x64
		Debug|x86 = Debug|x86
		Release|x64 = Release|x64
		Release|x86 = Release|x86
	EndGlobalSection
	GlobalSection(ProjectConfigurationPlatforms) = postSolution
		{5C9BE2E5-CF7A-4DBB-AD28-860D72B30D19}.Debug|x64.ActiveCfg = Debug|x64
		{5C9BE2E5-CF7A-4DBB-AD28-860D72B30D19}.Debug|x64.Build.0 = Debug|x64
		{5C9BE2E5-CF7A-4DBB-AD28-860D72B30D19}.Debug|x86.ActiveCfg = Debug|Win32
		{5C9BE2E5-CF7A-4DBB-AD28-860D72B30D19}.Debug|x86.Build.0 = Debug|Win32
		{5C9BE2E5-CF7A-4DBB-AD28-860D72B30D19}.Release|x64.ActiveCfg = Release|x64
		{5C9BE2E5-CF7A-4DBB-AD28-860D72B30D19}.Release|x64.Build.0 = Release|x64
		{5C9BE2E5-CF7A-4DBB-AD28-860D72B30D19}.Release|x86.ActiveCfg = Release|Win32
		{5C9BE2E5-CF7A-4DBB-AD28-860D72B30D19}.Release|x86.Build.0 = Release|Win32
		{4A161CA2-E072-4A5E-AAFD-720A845E4306}.Debug|x64.ActiveCfg = Debug|x64
		{4A161CA2-E072-4A5E-AAFD-720A845E4306}.Debug|x64.Build.0 = Debug|x64
		{4A161CA2-E072-4A5E-AAFD-720A845E4306}.Debug|x86.ActiveCfg = Debug|Win32
		{4A161CA2-E072-4A5E-AAFD-720A845E4306}.Debug|x86.Build.0 = Debug|Win32
		{4A161CA2-E072-4A5E-AAFD-720A845E4306}.Release|x64.ActiveCfg = Release|x64
		{4A161CA2-E072-4A5E-AAFD-720A845E4306}.Release|x64.Build.0 = Release|x64
		{4A161CA2-E072-4A5E-AAFD-720A845E4306}.Release|x86.ActiveCfg = Release|Win32
		{4A161CA2-E072-4A5E-AAFD-720A845E4306}.Release|x86.Build.0 = Release|Win32
		{C76053A2-624F-4D48-AD75-E298EA8E03E1}.Debug|x64.ActiveCfg = Debug|x64
		{C76053A2-624F-4D48-AD75-E298EA8E03E1}.Debug|x64.Build.0 = Debug|x64
		{C76053A2-624F-4D48-AD75-E298EA8E03E1}.Debug|x86.ActiveCfg = Debug|Win32
		{C76053A2-624F-4D48-AD75-E298EA8E03E1}.Debug|x86.Build.0 = Debug|Win32
		{C76053A2-624F-4D48-AD75-E298EA8E03E1}.Release|x64.ActiveCfg = Release|x64
		{C76053A2-624F-4D48-AD75-E298EA8E03E1}.Release|x64.Build.0 = Release|x64
		{C76053A2-624F-4D48-AD75-E298EA8E03E1}.Release|x86.ActiveCfg = Release|Win32
		{C76053A2-624F-4D48-AD75-E298EA8E03E1}.Release|x86.Build.0 = Release|Win32
		{CEAEE00A-9F04-4CFE-90BB-C2B24AA889E3}.Debug|x64.ActiveCfg = Debug|x64
		{CEAEE00A-9F04-4CFE-90BB-C2B24AA889E3}.Debug|x64.Build.0 = Debug|x64
		{CEAEE00A-9F04-4CFE-90BB-C2B24AA889E3}.Debug|x86.ActiveCfg = Debug|Win32
		{CEAEE00A-9F04-4CFE-90BB-C2B24AA889E3}.Debug|x86.Build.0 = Debug|Win32
		{CEAEE00A-9F04-4CFE-90BB-C2B24AA889E3}.Release|x64.ActiveCfg = Release|x64
		{CEAEE00A-9F04-4CFE-90BB-C2B24AA889E3}.Release|x64.Build.0 = Release|x64
		{CEAEE00A-9F04-4CFE-90BB-C2B24AA889E3}.Release|x86.ActiveCfg = Release|Win32
		{CEAEE00A-9F04-4CFE-90BB-C2B24AA889E3}.Release|x86.Build.0 = Release|Win32
		{8F1DD713-3E1F-4865-BAC9-65D41E54436A}.Debug|x64.ActiveCfg = Debug|x64
		{8F1DD713-3E1F-4865-BAC9-65D41E54436A}.Debug|x64.Build.0 = Debug|x64
		{8F1DD713-3E1F-4865-BAC9-65D41E54436A}.Debug|x86.ActiveCfg = Debug|Win32
		{8F1DD713-3E1F-4865-BAC9-65D41E54436A}.Debug|x86.Build.0 = Debug|Win32
		{8F1DD713-3E1F-4865-BAC9-65D41E54436A}.Release|x64.ActiveCfg = Release|x64
		{8F1DD713-3E1F-4865-BAC9-65D41E54436A}.Release|x64.Build.0 = Release|x64
		{8F1DD713-3E1F-4865-BAC9-65D41E54436A}.Release|x86.ActiveCfg = Release|Win32
		{8F1DD713-3E1F-4865-BAC9-65D41E54436A}.Release|x86.Build.0 = Release|Win32
		{A24E37B4-0242-475B-A37D-10ED45054FDA}.Debug|x64.ActiveCfg = Debug|x64
		{A24E37B4-0242-475B-A37D-10ED45054FDA}.Debug|x64.Build.0 = Debug|x64
		{A24E37B4-0242-475B-A37D-10ED45054FDA}.Debug|x86.ActiveCfg = Debug|Win32
		{A24E37B4-0242-475B-A37D-10ED45054FDA}.Debug|x86.Build.0 = Debug|Win32
		{A24E37B4-0242-475B-A37D-10ED45054FDA}.Release|x64.ActiveCfg = Release|x64
		{A24E37B4-0242-475B-A37D-10ED45054FDA}.Release|x64.Build.0 = Release|x64
		{A24E37B4-0242-475B-A37D-10ED45054FDA}.Release|x86.ActiveCfg = Release|Win32
		{A24E37B4-0242-475B-A37D-10ED45054FDA}.Release|x86.Build.0 = Release|Win32
		{A965FCA6-1F67-4E96-AFD5-FE0CFBCDC9CA}.Debug|x64.ActiveCfg = Debug|x64
		{A965FCA6-1F67-4E96-AFD5-FE0CFBCDC9CA}.Debug|x64.Build.0 = Debug|x64
		{A965FCA6-1F67-4E96-AFD5-FE0CFBCDC9CA}.Debug|x86.ActiveCfg = Debug|Win32
		{A965FCA6-1F67-4E96-AFD5-FE0CFBCDC9CA}.Debug|x86.Build.0 = Debug|Win32
		{A965FCA6-1F67-4E96-AFD5-FE0CFBCDC9CA}.Release|x64.ActiveCfg = Release|x64
		{A965FCA6-1F67-4E96-AFD5-FE0CFBCDC9CA}.Release|x64.Build.0 = Release|x64
		{A965FCA6-1F67-4E96-AFD5-FE0CFBCDC9CA}.Release|x86.ActiveCfg = Release|Win32
		{A965FCA6-1F67-4E96-AFD5-FE0CFBCDC9CA}.Release|x86.Build.0 = Release|Win32
		{604EBE3C-C262-40FE-9BC5-89FE5419FEE5}.Debug|x64.ActiveCfg = Debug|x64
		{604EBE3C-C262-40FE-9BC5-89FE5419FEE5}.Debug|x64.Build.0 = Debug|x64
		{604EBE3C-C262-40FE-9BC5-89FE5419FEE5}.Debug|x86.ActiveCfg = Debug|Win32
		{604EBE3C-C262-40FE-9BC5-89FE5419FEE5}.Debug|x86.Build.0 = Debug|Win32
		{604EBE3C-C262-40FE-9BC5-89FE5419FEE5}.Release|x64.ActiveCfg = Release|x64
		{604EBE3C-C262-40FE-9BC5-89FE5419FEE5}.Release|x64.Build.0 = Release|x64
		{604EBE3C-C262-40FE-9BC5-89FE5419FEE5}.Release|x86.ActiveCfg = Release|Win32
		{604EBE3C-C262-40FE-9BC5-89FE5419FEE5}.Release|x86.Build.0 = Release|Win32
		{56FE7960-27CF-43BD-A774-F591C2AE3738}.Debug|x64.ActiveCfg = Debug|x64
		{56FE7960-27CF-43BD-A774-F591C2AE3738}.Debug|x64.Build.0 = Debug|x64
		{56FE7960-27CF-43BD-A774-F591C2AE3738}.Debug|x86.ActiveCfg = Debug|Win32
		{56FE7960-27CF-43BD-A774-F591C2AE3738}.Debug|x86.Build.0 = Debug|Win32
		{56FE7960-27CF-43BD-A774-F591C2AE3738}.Release|x64.ActiveCfg = Release|x64
		{56FE7960-27CF-43BD-A774-F591C2AE3738}.Release|x64.Build.0 = Release|x64
		{56FE7960-27CF-43BD-A774-F591C2AE3738}.Release|x86.ActiveCfg = Release|Win32
		{56FE7960-27CF-43BD-A774-F591C2AE3738}.Release|x86.Build.0 = Release|Win32
		{557C4C6C-43E4-4E08-82D5-FE97492D1E67}.Debug|x64.ActiveCfg = Debug|x64
		{557C4C6C-43E4-4E08-82D5-FE97492D1E67}.Debug|x64.Build.0 = Debug|x64
		{557C4C6C-43E4-4E08-82D5-FE97492D1E67}.Debug|x86.ActiveCfg = Debug|Win32
		{557C4C6C-43E4-4E08-82D5-FE97492D1E67}.Debug|x86.Build.0 = Debug|Win32
		{557C4C6C-43E4-4E08-82D5-FE97492D1E67}.Release|x64.ActiveCfg = Release|x64
		{557C4C6C-43E4-4E08-82D5-FE97492D1E67}.Release|x64.Build.0 = Release|x64
		{557C4C6C-43E4-4E08-82D5-FE97492D1E67}.Release|x86.ActiveCfg = Release|Win32
		{557C4C6C-43E4-4E08-82D5-FE97492D1E67}.Release|x86.Build.0 = Release|Win32
		{A8E9F310-0FBC-40DC-A317-74F795A1290C}.Debug|x64.ActiveCfg = Debug|x64
		{A8E9F310-0FBC-40DC-A317-74F795A1290C}.Debug|x64.Build.0 = Debug|x64
		{A8E9F310-0FBC-40DC-A317-74F795A1290C}.Debug|x86.ActiveCfg = Debug|Win32
		{A8E9F310-0FBC-40DC-A317-74F795A1290C}.Debug|x86.Build.0 = Debug|Win32
		{A8E9F310-0FBC-40DC-A317-74F795A1290C}.Release|x64.ActiveCfg = Release|x64
		{A8E9F310-0FBC-40DC-A317-74F795A1290C}.Release|x64.Build.0 = Release|x64
		{A8E9F310-0FBC-40DC-A317-74F795A1290C}.Release|x86.ActiveCfg = Release|Win32
		{A8E9F310-0FBC-40DC-A317-74F795A1290C}.Release|x86.Build.0 = Release|Win32
	EndGlobalSection
	GlobalSection(SolutionProperties) = preSolution
		HideSolutionNode = FALSE
	EndGlobalSection
	GlobalSection(ExtensibilityGlobals) = postSolution
		SolutionGuid = {65F69C5A-194D-4163-BA22-AE82AB446FC6}
	EndGlobalSection
EndGlobal
